{
  "name": "Patro",
  "lockfileVersion": 2,
  "requires": true,
  "packages": {
    "": {
      "dependencies": {
        "@sbmdkl/nepali-date-converter": "^2.0.3",
        "nepali-date-converter": "^3.3.2",
        "nepali-datetime": "^1.2.1"
      }
    },
    "node_modules/@sbmdkl/nepali-date-converter": {
      "version": "2.0.3",
      "resolved": "https://registry.npmjs.org/@sbmdkl/nepali-date-converter/-/nepali-date-converter-2.0.3.tgz",
      "integrity": "sha512-2cdBIeNENgcSEAkDDXsm/wibFM+2PsXQPOP/SaRsNOG5Lbf1u6hrm9tYy0cGVGdTN272AeUG82vBCuh/yAzEmA=="
    },
    "node_modules/nepali-date-converter": {
      "version": "3.3.2",
      "resolved": "https://registry.npmjs.org/nepali-date-converter/-/nepali-date-converter-3.3.2.tgz",
      "integrity": "sha512-c6vQNmPIT48xDV8i/2F3ykTFZkhWrtrWnZ908IiHuNEv6Gvm5VTHa3TWQBUMFhU0qNLwxae8aAbJ2v9CD4AIUg==",
      "engines": {
        "node": ">=6.0.0"
      }
    },
    "node_modules/nepali-datetime": {
      "version": "1.2.1",
      "resolved": "https://registry.npmjs.org/nepali-datetime/-/nepali-datetime-1.2.1.tgz",
      "integrity": "sha512-d6nUSYFTGV/Cpzno7IjtH0GzH14wXW5kQgq+UEN894Wb4jSUUYgwhntls90UZoLMoFyRUktOCEV4ZzgvoqfDKg=="
    }
  },
  "dependencies": {
    "@sbmdkl/nepali-date-converter": {
      "version": "2.0.3",
      "resolved": "https://registry.npmjs.org/@sbmdkl/nepali-date-converter/-/nepali-date-converter-2.0.3.tgz",
      "integrity": "sha512-2cdBIeNENgcSEAkDDXsm/wibFM+2PsXQPOP/SaRsNOG5Lbf1u6hrm9tYy0cGVGdTN272AeUG82vBCuh/yAzEmA=="
    },
    "nepali-date-converter": {
      "version": "3.3.2",
      "resolved": "https://registry.npmjs.org/nepali-date-converter/-/nepali-date-converter-3.3.2.tgz",
      "integrity": "sha512-c6vQNmPIT48xDV8i/2F3ykTFZkhWrtrWnZ908IiHuNEv6Gvm5VTHa3TWQBUMFhU0qNLwxae8aAbJ2v9CD4AIUg=="
    },
    "nepali-datetime": {
      "version": "1.2.1",
      "resolved": "https://registry.npmjs.org/nepali-datetime/-/nepali-datetime-1.2.1.tgz",
      "integrity": "sha512-d6nUSYFTGV/Cpzno7IjtH0GzH14wXW5kQgq+UEN894Wb4jSUUYgwhntls90UZoLMoFyRUktOCEV4ZzgvoqfDKg=="
    }
  }
}
